<?xml version="1.0" encoding="utf-8"?>
<Project ToolsVersion="4.0" xmlns="http://schemas.microsoft.com/developer/msbuild/2003">
  <ItemGroup>
    <Filter Include="Source Files">
      <UniqueIdentifier>{4FC737F1-C7A5-4376-A066-2A32D752A2FF}</UniqueIdentifier>
      <Extensions>cpp;c;cc;cxx;c++;cppm;ixx;def;odl;idl;hpj;bat;asm;asmx</Extensions>
    </Filter>
    <Filter Include="Header Files">
      <UniqueIdentifier>{93995380-89BD-4b04-88EB-625FBE52EBFB}</UniqueIdentifier>
      <Extensions>h;hh;hpp;hxx;h++;hm;inl;inc;ipp;xsd</Extensions>
    </Filter>
    <Filter Include="Resource Files">
      <UniqueIdentifier>{67DA6AB6-F800-4c08-8B7A-83BB121AAD01}</UniqueIdentifier>
      <Extensions>rc;ico;cur;bmp;dlg;rc2;rct;bin;rgs;gif;jpg;jpeg;jpe;resx;tiff;tif;png;wav;mfcribbon-ms</Extensions>
    </Filter>
    <Filter Include="Source Files\Points">
      <UniqueIdentifier>{c6e7315d-4cc6-4fde-b4a3-72d4b6c9d569}</UniqueIdentifier>
    </Filter>
    <Filter Include="Source Files\Points\VertexPoints">
      <UniqueIdentifier>{8d5b151a-957d-491c-b721-a8a92a3948a0}</UniqueIdentifier>
    </Filter>
  </ItemGroup>
  <ItemGroup>
    <ClCompile Include="ConsoleApplication1.cpp">
      <Filter>Source Files</Filter>
    </ClCompile>
    <ClCompile Include="Graph\Graph.cpp">
      <Filter>Source Files</Filter>
    </ClCompile>
    <ClCompile Include="Graph\Graph13.cpp">
      <Filter>Source Files</Filter>
    </ClCompile>
    <ClCompile Include="Math\Vector3.cpp">
      <Filter>Source Files</Filter>
    </ClCompile>
    <ClCompile Include="Points\EdgePoint.cpp">
      <Filter>Source Files</Filter>
    </ClCompile>
    <ClCompile Include="Tables\Table.cpp">
      <Filter>Source Files</Filter>
    </ClCompile>
    <ClCompile Include="Tables\Table13.cpp">
      <Filter>Source Files</Filter>
    </ClCompile>
    <ClCompile Include="Graph\Graph17.cpp">
      <Filter>Source Files</Filter>
    </ClCompile>
    <ClCompile Include="Tables\Table17.cpp">
      <Filter>Source Files</Filter>
    </ClCompile>
    <ClCompile Include="Points\VertexPoints\DoupletVertexPoint.cpp">
      <Filter>Source Files\Points\VertexPoints</Filter>
    </ClCompile>
    <ClCompile Include="Points\VertexPoints\VertexPoint.cpp">
      <Filter>Source Files\Points\VertexPoints</Filter>
    </ClCompile>
    <ClCompile Include="Graph\Graph20.cpp">
      <Filter>Source Files</Filter>
    </ClCompile>
    <ClCompile Include="Tables\Table20.cpp">
      <Filter>Source Files</Filter>
    </ClCompile>
    <ClCompile Include="Math\AxisAlighnedBoundingBox.cpp">
      <Filter>Source Files</Filter>
    </ClCompile>
  </ItemGroup>
  <ItemGroup>
    <ClInclude Include="Graph\Graph.hpp">
      <Filter>Header Files</Filter>
    </ClInclude>
    <ClInclude Include="Graph\Graph13.hpp">
      <Filter>Header Files</Filter>
    </ClInclude>
    <ClInclude Include="Math\Vector3.hpp">
      <Filter>Header Files</Filter>
    </ClInclude>
    <ClInclude Include="Points\EdgePoint.hpp">
      <Filter>Header Files</Filter>
    </ClInclude>
    <ClInclude Include="Tables\Table.hpp">
      <Filter>Header Files</Filter>
    </ClInclude>
    <ClInclude Include="Tables\Table13.hpp">
      <Filter>Header Files</Filter>
    </ClInclude>
    <ClInclude Include="Graph\Graph17.hpp">
      <Filter>Header Files</Filter>
    </ClInclude>
    <ClInclude Include="Tables\Table17.hpp">
      <Filter>Header Files</Filter>
    </ClInclude>
    <ClInclude Include="Points\VertexPoints\DoupletVertexPoint.hpp">
      <Filter>Source Files\Points\VertexPoints</Filter>
    </ClInclude>
    <ClInclude Include="Points\VertexPoints\VertexPoint.hpp">
      <Filter>Source Files\Points\VertexPoints</Filter>
    </ClInclude>
    <ClInclude Include="Graph\Graph20.hpp">
      <Filter>Header Files</Filter>
    </ClInclude>
    <ClInclude Include="Tables\Table20.hpp">
      <Filter>Header Files</Filter>
    </ClInclude>
    <ClInclude Include="Math\AxisAlighnedBoundingBox.hpp">
      <Filter>Header Files</Filter>
    </ClInclude>
    <ClInclude Include="Points\EdgePointsGraph.hpp">
      <Filter>Header Files</Filter>
    </ClInclude>
  </ItemGroup>
</Project>